
Microsoft Visual Studio Solution File, Format Version 12.00
# Visual Studio 2012
Project("{FAE04EC0-301F-11D3-BF4B-00C04F79EFBC}") = "fly_server", "fly_server\fly_server.csproj", "{DD8ACFE2-FFEA-495E-8443-08B54C436CF9}"
EndProject
Global
	GlobalSection(SolutionConfigurationPlatforms) = preSolution
		Debug|Any CPU = Debug|Any CPU
		Release|Any CPU = Release|Any CPU
	EndGlobalSection
	GlobalSection(ProjectConfigurationPlatforms) = postSolution
		{DD8ACFE2-FFEA-495E-8443-08B54C436CF9}.Debug|Any CPU.ActiveCfg = Debug|Any CPU
		{DD8ACFE2-FFEA-495E-8443-08B54C436CF9}.Debug|Any CPU.Build.0 = Debug|Any CPU
		{DD8ACFE2-FFEA-495E-8443-08B54C436CF9}.Release|Any CPU.ActiveCfg = Release|Any CPU
		{DD8ACFE2-FFEA-495E-8443-08B54C436CF9}.Release|Any CPU.Build.0 = Release|Any CPU
	EndGlobalSection
	GlobalSection(SolutionProperties) = preSolution
		HideSolutionNode = FALSE
	EndGlobalSection
EndGlobal
